<Solution>
  <Folder Name="/src/">
    <Project Path="src/AspireDemo.Api/AspireDemo.Api.csproj" />
    <Project Path="src/AspireDemo.AppHost/AspireDemo.AppHost.csproj" />
    <Project Path="src/AspireDemo.InventoryService/AspireDemo.InventoryService.csproj" />
    <Project Path="src/AspireDemo.NotificationService/AspireDemo.NotificationService.csproj" />
    <Project Path="src/AspireDemo.PaymentService/AspireDemo.PaymentService.csproj" />
    <Project Path="src/AspireDemo.ServiceDefaults/AspireDemo.ServiceDefaults.csproj" />
  </Folder>
  <Folder Name="/tests/">
    <Project Path="tests/AspireDemo.Tests/AspireDemo.Tests.csproj" />
  </Folder>
</Solution>
